
Microsoft Visual Studio Solution File, Format Version 12.00
# Visual Studio Version 17
VisualStudioVersion = 17.3.32929.385
MinimumVisualStudioVersion = 10.0.40219.1
Project("{FAE04EC0-301F-11D3-BF4B-00C04F79EFBC}") = "formulaire_database", "formulaire_database\formulaire_database.csproj", "{5687C29E-FEF9-4587-86C9-DAA6DA60017C}"
EndProject
Global
	GlobalSection(SolutionConfigurationPlatforms) = preSolution
		Debug|Any CPU = Debug|Any CPU
		Debug|x64 = Debug|x64
		Release|Any CPU = Release|Any CPU
		Release|x64 = Release|x64
	EndGlobalSection
	GlobalSection(ProjectConfigurationPlatforms) = postSolution
		{5687C29E-FEF9-4587-86C9-DAA6DA60017C}.Debug|Any CPU.ActiveCfg = Debug|Any CPU
		{5687C29E-FEF9-4587-86C9-DAA6DA60017C}.Debug|Any CPU.Build.0 = Debug|Any CPU
		{5687C29E-FEF9-4587-86C9-DAA6DA60017C}.Debug|x64.ActiveCfg = Debug|x64
		{5687C29E-FEF9-4587-86C9-DAA6DA60017C}.Debug|x64.Build.0 = Debug|x64
		{5687C29E-FEF9-4587-86C9-DAA6DA60017C}.Release|Any CPU.ActiveCfg = Release|Any CPU
		{5687C29E-FEF9-4587-86C9-DAA6DA60017C}.Release|Any CPU.Build.0 = Release|Any CPU
		{5687C29E-FEF9-4587-86C9-DAA6DA60017C}.Release|x64.ActiveCfg = Release|x64
		{5687C29E-FEF9-4587-86C9-DAA6DA60017C}.Release|x64.Build.0 = Release|x64
	EndGlobalSection
	GlobalSection(SolutionProperties) = preSolution
		HideSolutionNode = FALSE
	EndGlobalSection
	GlobalSection(ExtensibilityGlobals) = postSolution
		SolutionGuid = {4D1E2A0A-B0C8-418F-8DB3-FA0903C9E812}
	EndGlobalSection
EndGlobal
